
Microsoft Visual Studio Solution File, Format Version 12.00
# Visual Studio Version 16
VisualStudioVersion = 16.0.31129.286
MinimumVisualStudioVersion = 10.0.40219.1
Project("{00D1A9C2-B5F0-4AF3-8072-F6C62B433612}") = "LearningProjectDb", "LearningProjectDb\LearningProjectDb.sqlproj", "{1577358D-2C60-40AF-874C-4D9870FBAEF9}"
EndProject
Global
	GlobalSection(SolutionConfigurationPlatforms) = preSolution
		Debug|Any CPU = Debug|Any CPU
		Release|Any CPU = Release|Any CPU
	EndGlobalSection
	GlobalSection(ProjectConfigurationPlatforms) = postSolution
		{1577358D-2C60-40AF-874C-4D9870FBAEF9}.Debug|Any CPU.ActiveCfg = Debug|Any CPU
		{1577358D-2C60-40AF-874C-4D9870FBAEF9}.Debug|Any CPU.Build.0 = Debug|Any CPU
		{1577358D-2C60-40AF-874C-4D9870FBAEF9}.Debug|Any CPU.Deploy.0 = Debug|Any CPU
		{1577358D-2C60-40AF-874C-4D9870FBAEF9}.Release|Any CPU.ActiveCfg = Release|Any CPU
		{1577358D-2C60-40AF-874C-4D9870FBAEF9}.Release|Any CPU.Build.0 = Release|Any CPU
		{1577358D-2C60-40AF-874C-4D9870FBAEF9}.Release|Any CPU.Deploy.0 = Release|Any CPU
	EndGlobalSection
	GlobalSection(SolutionProperties) = preSolution
		HideSolutionNode = FALSE
	EndGlobalSection
	GlobalSection(ExtensibilityGlobals) = postSolution
		SolutionGuid = {08EA177E-CE2E-4324-9F4B-B35911A3F5A6}
	EndGlobalSection
EndGlobal
